<?xml version="1.0" encoding="utf-8"?>
<Project ToolsVersion="4.0" xmlns="http://schemas.microsoft.com/developer/msbuild/2003">
  <ItemGroup>
    <None Include="src\ALittle.alittle" />
    <None Include="src\Bit\JavaScript\jbit.alittle">
      <Filter>Bit\JavaScript</Filter>
    </None>
    <None Include="src\Bit\Bit.alittle">
      <Filter>Bit</Filter>
    </None>
    <None Include="src\Cmd\ReflectCmd.alittle">
      <Filter>Cmd</Filter>
    </None>
    <None Include="src\Config\JsonConfig.alittle">
      <Filter>Config</Filter>
    </None>
    <None Include="src\Config\ReflectCsv.alittle">
      <Filter>Config</Filter>
    </None>
    <None Include="src\Config\CsvConfig.alittle">
      <Filter>Config</Filter>
    </None>
    <None Include="src\Config\JavaScript\JCsvFile.alittle">
      <Filter>Config\JavaScript</Filter>
    </None>
    <None Include="src\Config\Lua\json.alittle">
      <Filter>Config\Lua</Filter>
    </None>
    <None Include="src\Config\Lua\LuaCsvFile.alittle">
      <Filter>Config\Lua</Filter>
    </None>
    <None Include="src\Config\Lua\csv.alittle">
      <Filter>Config\Lua</Filter>
    </None>
    <None Include="src\File\File.alittle">
      <Filter>File</Filter>
    </None>
    <None Include="src\File\JavaScript\JFileSystem.alittle">
      <Filter>File\JavaScript</Filter>
    </None>
    <None Include="src\File\Lua\file.alittle">
      <Filter>File\Lua</Filter>
    </None>
    <None Include="src\Loop\JavaScript\JHeapTimer.alittle">
      <Filter>Loop\JavaScript</Filter>
    </None>
    <None Include="src\Loop\Lua\timer.alittle">
      <Filter>Loop\Lua</Filter>
    </None>
    <None Include="src\Loop\LoopGroup.alittle">
      <Filter>Loop</Filter>
    </None>
    <None Include="src\Loop\LoopList.alittle">
      <Filter>Loop</Filter>
    </None>
    <None Include="src\Loop\LoopObject.alittle">
      <Filter>Loop</Filter>
    </None>
    <None Include="src\Loop\LoopSystem.alittle">
      <Filter>Loop</Filter>
    </None>
    <None Include="src\Loop\LoopTimer.alittle">
      <Filter>Loop</Filter>
    </None>
    <None Include="src\Loop\IHeapTimer.alittle">
      <Filter>Loop</Filter>
    </None>
    <None Include="src\Loop\ILoopSystem.alittle">
      <Filter>Loop</Filter>
    </None>
    <None Include="src\Loop\LoopFrame.alittle">
      <Filter>Loop</Filter>
    </None>
    <None Include="src\Loop\LoopFunction.alittle">
      <Filter>Loop</Filter>
    </None>
    <None Include="src\Net\HttpSenderTemplate.alittle">
      <Filter>Net</Filter>
    </None>
    <None Include="src\Net\MsgCommonTemplate.alittle">
      <Filter>Net</Filter>
    </None>
    <None Include="src\Net\MsgReceiverTemplate.alittle">
      <Filter>Net</Filter>
    </None>
    <None Include="src\Net\MsgSenderTemplate.alittle">
      <Filter>Net</Filter>
    </None>
    <None Include="src\Net\MsgSessionTemplate.alittle">
      <Filter>Net</Filter>
    </None>
    <None Include="src\Net\ReflectMessage.alittle">
      <Filter>Net</Filter>
    </None>
    <None Include="src\Net\HttpFileReceiverTemplate.alittle">
      <Filter>Net</Filter>
    </None>
    <None Include="src\Net\HttpFileSenderTemplate.alittle">
      <Filter>Net</Filter>
    </None>
    <None Include="src\Net\HttpReceiverTemplate.alittle">
      <Filter>Net</Filter>
    </None>
    <None Include="src\Net\Lua\LuaMessageFactory.alittle">
      <Filter>Net\Lua</Filter>
    </None>
    <None Include="src\Net\Lua\LuaMsgInterface.alittle">
      <Filter>Net\Lua</Filter>
    </None>
    <None Include="src\Net\Lua\LuaHttpFileInterface.alittle">
      <Filter>Net\Lua</Filter>
    </None>
    <None Include="src\Net\Lua\LuaHttpInterface.alittle">
      <Filter>Net\Lua</Filter>
    </None>
    <None Include="src\Net\JavaScript\JHttpInterface.alittle">
      <Filter>Net\JavaScript</Filter>
    </None>
    <None Include="src\Net\JavaScript\JHttpWxInterface.alittle">
      <Filter>Net\JavaScript</Filter>
    </None>
    <None Include="src\Net\JavaScript\JMessageFactory.alittle">
      <Filter>Net\JavaScript</Filter>
    </None>
    <None Include="src\Net\JavaScript\JMsgInterface.alittle">
      <Filter>Net\JavaScript</Filter>
    </None>
    <None Include="src\Net\JavaScript\JHttpFileInterface.alittle">
      <Filter>Net\JavaScript</Filter>
    </None>
    <None Include="src\Net\JavaScript\JHttpFileWxInterface.alittle">
      <Filter>Net\JavaScript</Filter>
    </None>
    <None Include="src\Other\Lua\sqlte3.alittle">
      <Filter>Other\Lua</Filter>
    </None>
    <None Include="src\Schedule\Schedule.alittle">
      <Filter>Schedule</Filter>
    </None>
    <None Include="src\Schedule\ISchedule.alittle">
      <Filter>Schedule</Filter>
    </None>
    <None Include="src\Schedule\Lua\net.alittle">
      <Filter>Schedule\Lua</Filter>
    </None>
    <None Include="src\Schedule\Lua\LuaSchedule.alittle">
      <Filter>Schedule\Lua</Filter>
    </None>
    <None Include="src\Schedule\JavaScript\JSchedule.alittle">
      <Filter>Schedule\JavaScript</Filter>
    </None>
    <None Include="src\String\String.alittle">
      <Filter>String</Filter>
    </None>
    <None Include="src\String\Lua\string.alittle">
      <Filter>String\Lua</Filter>
    </None>
    <None Include="src\String\Lua\crypto.alittle">
      <Filter>String\Lua</Filter>
    </None>
    <None Include="src\Bit\Lua\bit.alittle">
      <Filter>Bit\Lua</Filter>
    </None>
    <None Include="src\String\JavaScript\jutf8.alittle">
      <Filter>String\JavaScript</Filter>
    </None>
    <None Include="src\String\JavaScript\jmd5.alittle">
      <Filter>String\JavaScript</Filter>
    </None>
    <None Include="src\Utility\SafeIDCreator.alittle">
      <Filter>Utility</Filter>
    </None>
    <None Include="src\Utility\EventDispatcher.alittle">
      <Filter>Utility</Filter>
    </None>
    <None Include="src\WeakRef\WeakRef.alittle">
      <Filter>WeakRef</Filter>
    </None>
    <None Include="src\WeakRef\JavaScript\jweakmap.alittle">
      <Filter>WeakRef\JavaScript</Filter>
    </None>
  </ItemGroup>
  <ItemGroup>
    <Filter Include="Bit">
      <UniqueIdentifier>{2a539283-6f08-47e0-9a8b-2f9e271c758d}</UniqueIdentifier>
    </Filter>
    <Filter Include="Bit\JavaScript">
      <UniqueIdentifier>{bf3df557-9f23-4073-b350-773a2e942da9}</UniqueIdentifier>
    </Filter>
    <Filter Include="Bit\Lua">
      <UniqueIdentifier>{0073a150-6c11-418d-8a6a-6885161eeffb}</UniqueIdentifier>
    </Filter>
    <Filter Include="Cmd">
      <UniqueIdentifier>{0ecb1319-cda4-464f-ae7a-b83119a00ad5}</UniqueIdentifier>
    </Filter>
    <Filter Include="Config">
      <UniqueIdentifier>{65aa776c-93df-490b-91c3-e3042fcc638a}</UniqueIdentifier>
    </Filter>
    <Filter Include="Config\JavaScript">
      <UniqueIdentifier>{d081bb01-e553-4814-8105-baa9f91d8abe}</UniqueIdentifier>
    </Filter>
    <Filter Include="Config\Lua">
      <UniqueIdentifier>{32e7a9cc-82af-47f6-8776-6b730e06ee59}</UniqueIdentifier>
    </Filter>
    <Filter Include="File">
      <UniqueIdentifier>{ce0e2a39-29b3-4899-9882-c6a1650ec42a}</UniqueIdentifier>
    </Filter>
    <Filter Include="File\JavaScript">
      <UniqueIdentifier>{94d2a4fa-8e2e-44f2-ad14-3ee3fcd21236}</UniqueIdentifier>
    </Filter>
    <Filter Include="File\Lua">
      <UniqueIdentifier>{a132a890-1cbc-4f1b-b260-cf8bd26563da}</UniqueIdentifier>
    </Filter>
    <Filter Include="Loop">
      <UniqueIdentifier>{2c2e3708-54be-4aa0-98d9-66a7cd39d61f}</UniqueIdentifier>
    </Filter>
    <Filter Include="Loop\JavaScript">
      <UniqueIdentifier>{4dbbe12d-9983-4fb6-9e06-5036d07b427b}</UniqueIdentifier>
    </Filter>
    <Filter Include="Loop\Lua">
      <UniqueIdentifier>{26199c81-b52d-45a5-a669-1c8c865391b8}</UniqueIdentifier>
    </Filter>
    <Filter Include="Net">
      <UniqueIdentifier>{18458696-6aa1-4154-b837-541007afc63e}</UniqueIdentifier>
    </Filter>
    <Filter Include="Net\Lua">
      <UniqueIdentifier>{91a224d5-8af3-4f71-b8c5-4472a8d77e45}</UniqueIdentifier>
    </Filter>
    <Filter Include="Net\JavaScript">
      <UniqueIdentifier>{c3f44723-7210-4739-b912-e5bb61f04811}</UniqueIdentifier>
    </Filter>
    <Filter Include="Other">
      <UniqueIdentifier>{b07766df-8abb-4edc-a6f0-1b4b6623cccd}</UniqueIdentifier>
    </Filter>
    <Filter Include="Other\Lua">
      <UniqueIdentifier>{36d89c75-7066-44f6-afc1-1ee7d0d011c0}</UniqueIdentifier>
    </Filter>
    <Filter Include="Schedule">
      <UniqueIdentifier>{9f8b59cb-27e9-4088-a91d-ffd8c7990eec}</UniqueIdentifier>
    </Filter>
    <Filter Include="Schedule\Lua">
      <UniqueIdentifier>{a9b60739-c58b-46e7-a947-60c48577866e}</UniqueIdentifier>
    </Filter>
    <Filter Include="Schedule\JavaScript">
      <UniqueIdentifier>{45631424-ec99-4a87-ab20-843b5440a1c8}</UniqueIdentifier>
    </Filter>
    <Filter Include="String">
      <UniqueIdentifier>{4ccd3b7e-14a8-49e7-8c2e-332bd01a9164}</UniqueIdentifier>
    </Filter>
    <Filter Include="String\JavaScript">
      <UniqueIdentifier>{13bbf197-9b06-4f88-aa34-009d67f3f7b2}</UniqueIdentifier>
    </Filter>
    <Filter Include="String\Lua">
      <UniqueIdentifier>{8f31d9cf-a872-43ea-be80-e690f7023e4b}</UniqueIdentifier>
    </Filter>
    <Filter Include="Utility">
      <UniqueIdentifier>{c4e4776c-a04c-4a2a-ba56-d757dfbbb97d}</UniqueIdentifier>
    </Filter>
    <Filter Include="WeakRef">
      <UniqueIdentifier>{21ca2830-10a4-4226-b2fa-0015bcf6643a}</UniqueIdentifier>
    </Filter>
    <Filter Include="WeakRef\JavaScript">
      <UniqueIdentifier>{e0013c32-f4fb-43fb-9564-d30fbfae88e9}</UniqueIdentifier>
    </Filter>
  </ItemGroup>
</Project>