<?xml version="1.0" encoding="utf-8"?>
<Project ToolsVersion="4.0" xmlns="http://schemas.microsoft.com/developer/msbuild/2003">
  <ItemGroup>
    <Filter Include="Language">
      <UniqueIdentifier>{557a2795-51ac-4c10-ad12-368e58c14eaf}</UniqueIdentifier>
    </Filter>
    <Filter Include="Language\JavaScript">
      <UniqueIdentifier>{8a7f463e-cad4-4146-b864-1d0cb66413ae}</UniqueIdentifier>
    </Filter>
    <Filter Include="Language\Lua">
      <UniqueIdentifier>{ad7f4f72-24da-40d3-a966-22638ef17dc0}</UniqueIdentifier>
    </Filter>
    <Filter Include="Core">
      <UniqueIdentifier>{f019364b-ba93-43f3-bf40-a0f8fea98d31}</UniqueIdentifier>
    </Filter>
  </ItemGroup>
  <ItemGroup>
    <None Include="src\ALittle.alittle" />
    <None Include="src\Core\Lua.alittle">
      <Filter>Core</Filter>
    </None>
    <None Include="src\Core\Map.alittle">
      <Filter>Core</Filter>
    </None>
    <None Include="src\Core\Math.alittle">
      <Filter>Core</Filter>
    </None>
    <None Include="src\Core\Net.alittle">
      <Filter>Core</Filter>
    </None>
    <None Include="src\Core\Reflect.alittle">
      <Filter>Core</Filter>
    </None>
    <None Include="src\Core\String.alittle">
      <Filter>Core</Filter>
    </None>
    <None Include="src\Core\Time.alittle">
      <Filter>Core</Filter>
    </None>
    <None Include="src\Core\Base.alittle">
      <Filter>Core</Filter>
    </None>
    <None Include="src\Core\Coroutine.alittle">
      <Filter>Core</Filter>
    </None>
    <None Include="src\Core\JavaScript.alittle">
      <Filter>Core</Filter>
    </None>
    <None Include="src\Core\List.alittle">
      <Filter>Core</Filter>
    </None>
    <None Include="src\Core\Log.alittle">
      <Filter>Core</Filter>
    </None>
    <None Include="src\Language\JavaScript\map.alittle">
      <Filter>Language\JavaScript</Filter>
    </None>
    <None Include="src\Language\JavaScript\math.alittle">
      <Filter>Language\JavaScript</Filter>
    </None>
    <None Include="src\Language\JavaScript\navigator.alittle">
      <Filter>Language\JavaScript</Filter>
    </None>
    <None Include="src\Language\JavaScript\object.alittle">
      <Filter>Language\JavaScript</Filter>
    </None>
    <None Include="src\Language\JavaScript\scriptelement.alittle">
      <Filter>Language\JavaScript</Filter>
    </None>
    <None Include="src\Language\JavaScript\string.alittle">
      <Filter>Language\JavaScript</Filter>
    </None>
    <None Include="src\Language\JavaScript\textcoder.alittle">
      <Filter>Language\JavaScript</Filter>
    </None>
    <None Include="src\Language\JavaScript\time.alittle">
      <Filter>Language\JavaScript</Filter>
    </None>
    <None Include="src\Language\JavaScript\uint8array.alittle">
      <Filter>Language\JavaScript</Filter>
    </None>
    <None Include="src\Language\JavaScript\websocket.alittle">
      <Filter>Language\JavaScript</Filter>
    </None>
    <None Include="src\Language\JavaScript\window.alittle">
      <Filter>Language\JavaScript</Filter>
    </None>
    <None Include="src\Language\JavaScript\wx.alittle">
      <Filter>Language\JavaScript</Filter>
    </None>
    <None Include="src\Language\JavaScript\xmlhttprequest.alittle">
      <Filter>Language\JavaScript</Filter>
    </None>
    <None Include="src\Language\JavaScript\array.alittle">
      <Filter>Language\JavaScript</Filter>
    </None>
    <None Include="src\Language\JavaScript\arraybuffer.alittle">
      <Filter>Language\JavaScript</Filter>
    </None>
    <None Include="src\Language\JavaScript\bodyelement.alittle">
      <Filter>Language\JavaScript</Filter>
    </None>
    <None Include="src\Language\JavaScript\canvas.alittle">
      <Filter>Language\JavaScript</Filter>
    </None>
    <None Include="src\Language\JavaScript\console.alittle">
      <Filter>Language\JavaScript</Filter>
    </None>
    <None Include="src\Language\JavaScript\dataview.alittle">
      <Filter>Language\JavaScript</Filter>
    </None>
    <None Include="src\Language\JavaScript\document.alittle">
      <Filter>Language\JavaScript</Filter>
    </None>
    <None Include="src\Language\JavaScript\domelement.alittle">
      <Filter>Language\JavaScript</Filter>
    </None>
    <None Include="src\Language\JavaScript\function.alittle">
      <Filter>Language\JavaScript</Filter>
    </None>
    <None Include="src\Language\JavaScript\json.alittle">
      <Filter>Language\JavaScript</Filter>
    </None>
    <None Include="src\Language\JavaScript\lib.alittle">
      <Filter>Language\JavaScript</Filter>
    </None>
    <None Include="src\Language\JavaScript\location.alittle">
      <Filter>Language\JavaScript</Filter>
    </None>
    <None Include="src\Language\Lua\math.alittle">
      <Filter>Language\Lua</Filter>
    </None>
    <None Include="src\Language\Lua\os.alittle">
      <Filter>Language\Lua</Filter>
    </None>
    <None Include="src\Language\Lua\package.alittle">
      <Filter>Language\Lua</Filter>
    </None>
    <None Include="src\Language\Lua\string.alittle">
      <Filter>Language\Lua</Filter>
    </None>
    <None Include="src\Language\Lua\table.alittle">
      <Filter>Language\Lua</Filter>
    </None>
    <None Include="src\Language\Lua\coroutine.alittle">
      <Filter>Language\Lua</Filter>
    </None>
    <None Include="src\Language\Lua\io.alittle">
      <Filter>Language\Lua</Filter>
    </None>
    <None Include="src\Language\Lua\lib.alittle">
      <Filter>Language\Lua</Filter>
    </None>
  </ItemGroup>
</Project>